// !$*UTF8*$!
{
	archiveVersion = 1;
	classes = {
	};
	objectVersion = 56;
	objects = {

/* Begin PBXBuildFile section */
		65CE53E528DB725F004A893F /* AppDelegate.swift in Sources */ = {isa = PBXBuildFile; fileRef = 65CE53E428DB725F004A893F /* AppDelegate.swift */; };
		65CE53E728DB725F004A893F /* SceneDelegate.swift in Sources */ = {isa = PBXBuildFile; fileRef = 65CE53E628DB725F004A893F /* SceneDelegate.swift */; };
		65CE53E928DB725F004A893F /* ViewController.swift in Sources */ = {isa = PBXBuildFile; fileRef = 65CE53E828DB725F004A893F /* ViewController.swift */; };
		65CE53EC28DB725F004A893F /* Main.storyboard in Resources */ = {isa = PBXBuildFile; fileRef = 65CE53EA28DB725F004A893F /* Main.storyboard */; };
		65CE53EE28DB7260004A893F /* Assets.xcassets in Resources */ = {isa = PBXBuildFile; fileRef = 65CE53ED28DB7260004A893F /* Assets.xcassets */; };
		65CE53F128DB7260004A893F /* LaunchScreen.storyboard in Resources */ = {isa = PBXBuildFile; fileRef = 65CE53EF28DB7260004A893F /* LaunchScreen.storyboard */; };
		65CE53FC28DB7260004A893F /* MatchGameTests.swift in Sources */ = {isa = PBXBuildFile; fileRef = 65CE53FB28DB7260004A893F /* MatchGameTests.swift */; };
		65CE540628DB7260004A893F /* MatchGameUITests.swift in Sources */ = {isa = PBXBuildFile; fileRef = 65CE540528DB7260004A893F /* MatchGameUITests.swift */; };
		65CE540828DB7260004A893F /* MatchGameUITestsLaunchTests.swift in Sources */ = {isa = PBXBuildFile; fileRef = 65CE540728DB7260004A893F /* MatchGameUITestsLaunchTests.swift */; };
		65CE545128DBD322004A893F /* CardModel.swift in Sources */ = {isa = PBXBuildFile; fileRef = 65CE545028DBD322004A893F /* CardModel.swift */; };
		65CE545328DBD91D004A893F /* Card.swift in Sources */ = {isa = PBXBuildFile; fileRef = 65CE545228DBD91D004A893F /* Card.swift */; };
		65CE545528DCC75F004A893F /* CardCollectionViewCell.swift in Sources */ = {isa = PBXBuildFile; fileRef = 65CE545428DCC75F004A893F /* CardCollectionViewCell.swift */; };
/* End PBXBuildFile section */

/* Begin PBXContainerItemProxy section */
		65CE53F828DB7260004A893F /* PBXContainerItemProxy */ = {
			isa = PBXContainerItemProxy;
			containerPortal = 65CE53D928DB725F004A893F /* Project object */;
			proxyType = 1;
			remoteGlobalIDString = 65CE53E028DB725F004A893F;
			remoteInfo = MatchGame;
		};
		65CE540228DB7260004A893F /* PBXContainerItemProxy */ = {
			isa = PBXContainerItemProxy;
			containerPortal = 65CE53D928DB725F004A893F /* Project object */;
			proxyType = 1;
			remoteGlobalIDString = 65CE53E028DB725F004A893F;
			remoteInfo = MatchGame;
		};
/* End PBXContainerItemProxy section */

/* Begin PBXFileReference section */
		65CE53E128DB725F004A893F /* MatchGame.app */ = {isa = PBXFileReference; explicitFileType = wrapper.application; includeInIndex = 0; path = MatchGame.app; sourceTree = BUILT_PRODUCTS_DIR; };
		65CE53E428DB725F004A893F /* AppDelegate.swift */ = {isa = PBXFileReference; lastKnownFileType = sourcecode.swift; path = AppDelegate.swift; sourceTree = "<group>"; };
		65CE53E628DB725F004A893F /* SceneDelegate.swift */ = {isa = PBXFileReference; lastKnownFileType = sourcecode.swift; path = SceneDelegate.swift; sourceTree = "<group>"; };
		65CE53E828DB725F004A893F /* ViewController.swift */ = {isa = PBXFileReference; lastKnownFileType = sourcecode.swift; path = ViewController.swift; sourceTree = "<group>"; };
		65CE53EB28DB725F004A893F /* Base */ = {isa = PBXFileReference; lastKnownFileType = file.storyboard; name = Base; path = Base.lproj/Main.storyboard; sourceTree = "<group>"; };
		65CE53ED28DB7260004A893F /* Assets.xcassets */ = {isa = PBXFileReference; lastKnownFileType = folder.assetcatalog; path = Assets.xcassets; sourceTree = "<group>"; };
		65CE53F028DB7260004A893F /* Base */ = {isa = PBXFileReference; lastKnownFileType = file.storyboard; name = Base; path = Base.lproj/LaunchScreen.storyboard; sourceTree = "<group>"; };
		65CE53F228DB7260004A893F /* Info.plist */ = {isa = PBXFileReference; lastKnownFileType = text.plist.xml; path = Info.plist; sourceTree = "<group>"; };
		65CE53F728DB7260004A893F /* MatchGameTests.xctest */ = {isa = PBXFileReference; explicitFileType = wrapper.cfbundle; includeInIndex = 0; path = MatchGameTests.xctest; sourceTree = BUILT_PRODUCTS_DIR; };
		65CE53FB28DB7260004A893F /* MatchGameTests.swift */ = {isa = PBXFileReference; lastKnownFileType = sourcecode.swift; path = MatchGameTests.swift; sourceTree = "<group>"; };
		65CE540128DB7260004A893F /* MatchGameUITests.xctest */ = {isa = PBXFileReference; explicitFileType = wrapper.cfbundle; includeInIndex = 0; path = MatchGameUITests.xctest; sourceTree = BUILT_PRODUCTS_DIR; };
		65CE540528DB7260004A893F /* MatchGameUITests.swift */ = {isa = PBXFileReference; lastKnownFileType = sourcecode.swift; path = MatchGameUITests.swift; sourceTree = "<group>"; };
		65CE540728DB7260004A893F /* MatchGameUITestsLaunchTests.swift */ = {isa = PBXFileReference; lastKnownFileType = sourcecode.swift; path = MatchGameUITestsLaunchTests.swift; sourceTree = "<group>"; };
		65CE545028DBD322004A893F /* CardModel.swift */ = {isa = PBXFileReference; lastKnownFileType = sourcecode.swift; path = CardModel.swift; sourceTree = "<group>"; };
		65CE545228DBD91D004A893F /* Card.swift */ = {isa = PBXFileReference; lastKnownFileType = sourcecode.swift; path = Card.swift; sourceTree = "<group>"; };
		65CE545428DCC75F004A893F /* CardCollectionViewCell.swift */ = {isa = PBXFileReference; lastKnownFileType = sourcecode.swift; path = CardCollectionViewCell.swift; sourceTree = "<group>"; };
/* End PBXFileReference section */

/* Begin PBXFrameworksBuildPhase section */
		65CE53DE28DB725F004A893F /* Frameworks */ = {
			isa = PBXFrameworksBuildPhase;
			buildActionMask = 2147483647;
			files = (
			);
			runOnlyForDeploymentPostprocessing = 0;
		};
		65CE53F428DB7260004A893F /* Frameworks */ = {
			isa = PBXFrameworksBuildPhase;
			buildActionMask = 2147483647;
			files = (
			);
			runOnlyForDeploymentPostprocessing = 0;
		};
		65CE53FE28DB7260004A893F /* Frameworks */ = {
			isa = PBXFrameworksBuildPhase;
			buildActionMask = 2147483647;
			files = (
			);
			runOnlyForDeploymentPostprocessing = 0;
		};
/* End PBXFrameworksBuildPhase section */

/* Begin PBXGroup section */
		65CE53D828DB725F004A893F = {
			isa = PBXGroup;
			children = (
				65CE53E328DB725F004A893F /* MatchGame */,
				65CE53FA28DB7260004A893F /* MatchGameTests */,
				65CE540428DB7260004A893F /* MatchGameUITests */,
				65CE53E228DB725F004A893F /* Products */,
			);
			sourceTree = "<group>";
		};
		65CE53E228DB725F004A893F /* Products */ = {
			isa = PBXGroup;
			children = (
				65CE53E128DB725F004A893F /* MatchGame.app */,
				65CE53F728DB7260004A893F /* MatchGameTests.xctest */,
				65CE540128DB7260004A893F /* MatchGameUITests.xctest */,
			);
			name = Products;
			sourceTree = "<group>";
		};
		65CE53E328DB725F004A893F /* MatchGame */ = {
			isa = PBXGroup;
			children = (
				65CE53E428DB725F004A893F /* AppDelegate.swift */,
				65CE53E628DB725F004A893F /* SceneDelegate.swift */,
				65CE53E828DB725F004A893F /* ViewController.swift */,
				65CE53EA28DB725F004A893F /* Main.storyboard */,
				65CE545028DBD322004A893F /* CardModel.swift */,
				65CE545228DBD91D004A893F /* Card.swift */,
				65CE545428DCC75F004A893F /* CardCollectionViewCell.swift */,
				65CE53ED28DB7260004A893F /* Assets.xcassets */,
				65CE53EF28DB7260004A893F /* LaunchScreen.storyboard */,
				65CE53F228DB7260004A893F /* Info.plist */,
			);
			path = MatchGame;
			sourceTree = "<group>";
		};
		65CE53FA28DB7260004A893F /* MatchGameTests */ = {
			isa = PBXGroup;
			children = (
				65CE53FB28DB7260004A893F /* MatchGameTests.swift */,
			);
			path = MatchGameTests;
			sourceTree = "<group>";
		};
		65CE540428DB7260004A893F /* MatchGameUITests */ = {
			isa = PBXGroup;
			children = (
				65CE540528DB7260004A893F /* MatchGameUITests.swift */,
				65CE540728DB7260004A893F /* MatchGameUITestsLaunchTests.swift */,
			);
			path = MatchGameUITests;
			sourceTree = "<group>";
		};
/* End PBXGroup section */

/* Begin PBXNativeTarget section */
		65CE53E028DB725F004A893F /* MatchGame */ = {
			isa = PBXNativeTarget;
			buildConfigurationList = 65CE540B28DB7260004A893F /* Build configuration list for PBXNativeTarget "MatchGame" */;
			buildPhases = (
				65CE53DD28DB725F004A893F /* Sources */,
				65CE53DE28DB725F004A893F /* Frameworks */,
				65CE53DF28DB725F004A893F /* Resources */,
			);
			buildRules = (
			);
			dependencies = (
			);
			name = MatchGame;
			productName = MatchGame;
			productReference = 65CE53E128DB725F004A893F /* MatchGame.app */;
			productType = "com.apple.product-type.application";
		};
		65CE53F628DB7260004A893F /* MatchGameTests */ = {
			isa = PBXNativeTarget;
			buildConfigurationList = 65CE540E28DB7260004A893F /* Build configuration list for PBXNativeTarget "MatchGameTests" */;
			buildPhases = (
				65CE53F328DB7260004A893F /* Sources */,
				65CE53F428DB7260004A893F /* Frameworks */,
				65CE53F528DB7260004A893F /* Resources */,
			);
			buildRules = (
			);
			dependencies = (
				65CE53F928DB7260004A893F /* PBXTargetDependency */,
			);
			name = MatchGameTests;
			productName = MatchGameTests;
			productReference = 65CE53F728DB7260004A893F /* MatchGameTests.xctest */;
			productType = "com.apple.product-type.bundle.unit-test";
		};
		65CE540028DB7260004A893F /* MatchGameUITests */ = {
			isa = PBXNativeTarget;
			buildConfigurationList = 65CE541128DB7260004A893F /* Build configuration list for PBXNativeTarget "MatchGameUITests" */;
			buildPhases = (
				65CE53FD28DB7260004A893F /* Sources */,
				65CE53FE28DB7260004A893F /* Frameworks */,
				65CE53FF28DB7260004A893F /* Resources */,
			);
			buildRules = (
			);
			dependencies = (
				65CE540328DB7260004A893F /* PBXTargetDependency */,
			);
			name = MatchGameUITests;
			productName = MatchGameUITests;
			productReference = 65CE540128DB7260004A893F /* MatchGameUITests.xctest */;
			productType = "com.apple.product-type.bundle.ui-testing";
		};
/* End PBXNativeTarget section */

/* Begin PBXProject section */
		65CE53D928DB725F004A893F /* Project object */ = {
			isa = PBXProject;
			attributes = {
				BuildIndependentTargetsInParallel = 1;
				LastSwiftUpdateCheck = 1400;
				LastUpgradeCheck = 1400;
				TargetAttributes = {
					65CE53E028DB725F004A893F = {
						CreatedOnToolsVersion = 14.0;
					};
					65CE53F628DB7260004A893F = {
						CreatedOnToolsVersion = 14.0;
						TestTargetID = 65CE53E028DB725F004A893F;
					};
					65CE540028DB7260004A893F = {
						CreatedOnToolsVersion = 14.0;
						TestTargetID = 65CE53E028DB725F004A893F;
					};
				};
			};
			buildConfigurationList = 65CE53DC28DB725F004A893F /* Build configuration list for PBXProject "MatchGame" */;
			compatibilityVersion = "Xcode 14.0";
			developmentRegion = en;
			hasScannedForEncodings = 0;
			knownRegions = (
				en,
				Base,
			);
			mainGroup = 65CE53D828DB725F004A893F;
			productRefGroup = 65CE53E228DB725F004A893F /* Products */;
			projectDirPath = "";
			projectRoot = "";
			targets = (
				65CE53E028DB725F004A893F /* MatchGame */,
				65CE53F628DB7260004A893F /* MatchGameTests */,
				65CE540028DB7260004A893F /* MatchGameUITests */,
			);
		};
/* End PBXProject section */

/* Begin PBXResourcesBuildPhase section */
		65CE53DF28DB725F004A893F /* Resources */ = {
			isa = PBXResourcesBuildPhase;
			buildActionMask = 2147483647;
			files = (
				65CE53F128DB7260004A893F /* LaunchScreen.storyboard in Resources */,
				65CE53EE28DB7260004A893F /* Assets.xcassets in Resources */,
				65CE53EC28DB725F004A893F /* Main.storyboard in Resources */,
			);
			runOnlyForDeploymentPostprocessing = 0;
		};
		65CE53F528DB7260004A893F /* Resources */ = {
			isa = PBXResourcesBuildPhase;
			buildActionMask = 2147483647;
			files = (
			);
			runOnlyForDeploymentPostprocessing = 0;
		};
		65CE53FF28DB7260004A893F /* Resources */ = {
			isa = PBXResourcesBuildPhase;
			buildActionMask = 2147483647;
			files = (
			);
			runOnlyForDeploymentPostprocessing = 0;
		};
/* End PBXResourcesBuildPhase section */

/* Begin PBXSourcesBuildPhase section */
		65CE53DD28DB725F004A893F /* Sources */ = {
			isa = PBXSourcesBuildPhase;
			buildActionMask = 2147483647;
			files = (
				65CE53E928DB725F004A893F /* ViewController.swift in Sources */,
				65CE545128DBD322004A893F /* CardModel.swift in Sources */,
				65CE545328DBD91D004A893F /* Card.swift in Sources */,
				65CE53E528DB725F004A893F /* AppDelegate.swift in Sources */,
				65CE545528DCC75F004A893F /* CardCollectionViewCell.swift in Sources */,
				65CE53E728DB725F004A893F /* SceneDelegate.swift in Sources */,
			);
			runOnlyForDeploymentPostprocessing = 0;
		};
		65CE53F328DB7260004A893F /* Sources */ = {
			isa = PBXSourcesBuildPhase;
			buildActionMask = 2147483647;
			files = (
				65CE53FC28DB7260004A893F /* MatchGameTests.swift in Sources */,
			);
			runOnlyForDeploymentPostprocessing = 0;
		};
		65CE53FD28DB7260004A893F /* Sources */ = {
			isa = PBXSourcesBuildPhase;
			buildActionMask = 2147483647;
			files = (
				65CE540828DB7260004A893F /* MatchGameUITestsLaunchTests.swift in Sources */,
				65CE540628DB7260004A893F /* MatchGameUITests.swift in Sources */,
			);
			runOnlyForDeploymentPostprocessing = 0;
		};
/* End PBXSourcesBuildPhase section */

/* Begin PBXTargetDependency section */
		65CE53F928DB7260004A893F /* PBXTargetDependency */ = {
			isa = PBXTargetDependency;
			target = 65CE53E028DB725F004A893F /* MatchGame */;
			targetProxy = 65CE53F828DB7260004A893F /* PBXContainerItemProxy */;
		};
		65CE540328DB7260004A893F /* PBXTargetDependency */ = {
			isa = PBXTargetDependency;
			target = 65CE53E028DB725F004A893F /* MatchGame */;
			targetProxy = 65CE540228DB7260004A893F /* PBXContainerItemProxy */;
		};
/* End PBXTargetDependency section */

/* Begin PBXVariantGroup section */
		65CE53EA28DB725F004A893F /* Main.storyboard */ = {
			isa = PBXVariantGroup;
			children = (
				65CE53EB28DB725F004A893F /* Base */,
			);
			name = Main.storyboard;
			sourceTree = "<group>";
		};
		65CE53EF28DB7260004A893F /* LaunchScreen.storyboard */ = {
			isa = PBXVariantGroup;
			children = (
				65CE53F028DB7260004A893F /* Base */,
			);
			name = LaunchScreen.storyboard;
			sourceTree = "<group>";
		};
/* End PBXVariantGroup section */

/* Begin XCBuildConfiguration section */
		65CE540928DB7260004A893F /* Debug */ = {
			isa = XCBuildConfiguration;
			buildSettings = {
				ALWAYS_SEARCH_USER_PATHS = NO;
				CLANG_ANALYZER_NONNULL = YES;
				CLANG_ANALYZER_NUMBER_OBJECT_CONVERSION = YES_AGGRESSIVE;
				CLANG_CXX_LANGUAGE_STANDARD = "gnu++20";
				CLANG_ENABLE_MODULES = YES;
				CLANG_ENABLE_OBJC_ARC = YES;
				CLANG_ENABLE_OBJC_WEAK = YES;
				CLANG_WARN_BLOCK_CAPTURE_AUTORELEASING = YES;
				CLANG_WARN_BOOL_CONVERSION = YES;
				CLANG_WARN_COMMA = YES;
				CLANG_WARN_CONSTANT_CONVERSION = YES;
				CLANG_WARN_DEPRECATED_OBJC_IMPLEMENTATIONS = YES;
				CLANG_WARN_DIRECT_OBJC_ISA_USAGE = YES_ERROR;
				CLANG_WARN_DOCUMENTATION_COMMENTS = YES;
				CLANG_WARN_EMPTY_BODY = YES;
				CLANG_WARN_ENUM_CONVERSION = YES;
				CLANG_WARN_INFINITE_RECURSION = YES;
				CLANG_WARN_INT_CONVERSION = YES;
				CLANG_WARN_NON_LITERAL_NULL_CONVERSION = YES;
				CLANG_WARN_OBJC_IMPLICIT_RETAIN_SELF = YES;
				CLANG_WARN_OBJC_LITERAL_CONVERSION = YES;
				CLANG_WARN_OBJC_ROOT_CLASS = YES_ERROR;
				CLANG_WARN_QUOTED_INCLUDE_IN_FRAMEWORK_HEADER = YES;
				CLANG_WARN_RANGE_LOOP_ANALYSIS = YES;
				CLANG_WARN_STRICT_PROTOTYPES = YES;
				CLANG_WARN_SUSPICIOUS_MOVE = YES;
				CLANG_WARN_UNGUARDED_AVAILABILITY = YES_AGGRESSIVE;
				CLANG_WARN_UNREACHABLE_CODE = YES;
				CLANG_WARN__DUPLICATE_METHOD_MATCH = YES;
				COPY_PHASE_STRIP = NO;
				DEBUG_INFORMATION_FORMAT = dwarf;
				ENABLE_STRICT_OBJC_MSGSEND = YES;
				ENABLE_TESTABILITY = YES;
				GCC_C_LANGUAGE_STANDARD = gnu11;
				GCC_DYNAMIC_NO_PIC = NO;
				GCC_NO_COMMON_BLOCKS = YES;
				GCC_OPTIMIZATION_LEVEL = 0;
				GCC_PREPROCESSOR_DEFINITIONS = (
					"DEBUG=1",
					"$(inherited)",
				);
				GCC_WARN_64_TO_32_BIT_CONVERSION = YES;
				GCC_WARN_ABOUT_RETURN_TYPE = YES_ERROR;
				GCC_WARN_UNDECLARED_SELECTOR = YES;
				GCC_WARN_UNINITIALIZED_AUTOS = YES_AGGRESSIVE;
				GCC_WARN_UNUSED_FUNCTION = YES;
				GCC_WARN_UNUSED_VARIABLE = YES;
				IPHONEOS_DEPLOYMENT_TARGET = 16.0;
				MTL_ENABLE_DEBUG_INFO = INCLUDE_SOURCE;
				MTL_FAST_MATH = YES;
				ONLY_ACTIVE_ARCH = YES;
				SDKROOT = iphoneos;
				SWIFT_ACTIVE_COMPILATION_CONDITIONS = DEBUG;
				SWIFT_OPTIMIZATION_LEVEL = "-Onone";
			};
			name = Debug;
		};
		65CE540A28DB7260004A893F /* Release */ = {
			isa = XCBuildConfiguration;
			buildSettings = {
				ALWAYS_SEARCH_USER_PATHS = NO;
				CLANG_ANALYZER_NONNULL = YES;
				CLANG_ANALYZER_NUMBER_OBJECT_CONVERSION = YES_AGGRESSIVE;
				CLANG_CXX_LANGUAGE_STANDARD = "gnu++20";
				CLANG_ENABLE_MODULES = YES;
				CLANG_ENABLE_OBJC_ARC = YES;
				CLANG_ENABLE_OBJC_WEAK = YES;
				CLANG_WARN_BLOCK_CAPTURE_AUTORELEASING = YES;
				CLANG_WARN_BOOL_CONVERSION = YES;
				CLANG_WARN_COMMA = YES;
				CLANG_WARN_CONSTANT_CONVERSION = YES;
				CLANG_WARN_DEPRECATED_OBJC_IMPLEMENTATIONS = YES;
				CLANG_WARN_DIRECT_OBJC_ISA_USAGE = YES_ERROR;
				CLANG_WARN_DOCUMENTATION_COMMENTS = YES;
				CLANG_WARN_EMPTY_BODY = YES;
				CLANG_WARN_ENUM_CONVERSION = YES;
				CLANG_WARN_INFINITE_RECURSION = YES;
				CLANG_WARN_INT_CONVERSION = YES;
				CLANG_WARN_NON_LITERAL_NULL_CONVERSION = YES;
				CLANG_WARN_OBJC_IMPLICIT_RETAIN_SELF = YES;
				CLANG_WARN_OBJC_LITERAL_CONVERSION = YES;
				CLANG_WARN_OBJC_ROOT_CLASS = YES_ERROR;
				CLANG_WARN_QUOTED_INCLUDE_IN_FRAMEWORK_HEADER = YES;
				CLANG_WARN_RANGE_LOOP_ANALYSIS = YES;
				CLANG_WARN_STRICT_PROTOTYPES = YES;
				CLANG_WARN_SUSPICIOUS_MOVE = YES;
				CLANG_WARN_UNGUARDED_AVAILABILITY = YES_AGGRESSIVE;
				CLANG_WARN_UNREACHABLE_CODE = YES;
				CLANG_WARN__DUPLICATE_METHOD_MATCH = YES;
				COPY_PHASE_STRIP = NO;
				DEBUG_INFORMATION_FORMAT = "dwarf-with-dsym";
				ENABLE_NS_ASSERTIONS = NO;
				ENABLE_STRICT_OBJC_MSGSEND = YES;
				GCC_C_LANGUAGE_STANDARD = gnu11;
				GCC_NO_COMMON_BLOCKS = YES;
				GCC_WARN_64_TO_32_BIT_CONVERSION = YES;
				GCC_WARN_ABOUT_RETURN_TYPE = YES_ERROR;
				GCC_WARN_UNDECLARED_SELECTOR = YES;
				GCC_WARN_UNINITIALIZED_AUTOS = YES_AGGRESSIVE;
				GCC_WARN_UNUSED_FUNCTION = YES;
				GCC_WARN_UNUSED_VARIABLE = YES;
				IPHONEOS_DEPLOYMENT_TARGET = 16.0;
				MTL_ENABLE_DEBUG_INFO = NO;
				MTL_FAST_MATH = YES;
				SDKROOT = iphoneos;
				SWIFT_COMPILATION_MODE = wholemodule;
				SWIFT_OPTIMIZATION_LEVEL = "-O";
				VALIDATE_PRODUCT = YES;
			};
			name = Release;
		};
		65CE540C28DB7260004A893F /* Debug */ = {
			isa = XCBuildConfiguration;
			buildSettings = {
				ASSETCATALOG_COMPILER_APPICON_NAME = AppIcon;
				ASSETCATALOG_COMPILER_GLOBAL_ACCENT_COLOR_NAME = AccentColor;
				CODE_SIGN_STYLE = Automatic;
				CURRENT_PROJECT_VERSION = 1;
				DEVELOPMENT_TEAM = YWCWPX9H3M;
				GENERATE_INFOPLIST_FILE = YES;
				INFOPLIST_FILE = MatchGame/Info.plist;
				INFOPLIST_KEY_UIApplicationSupportsIndirectInputEvents = YES;
				INFOPLIST_KEY_UILaunchStoryboardName = LaunchScreen;
				INFOPLIST_KEY_UIMainStoryboardFile = Main;
				INFOPLIST_KEY_UISupportedInterfaceOrientations_iPad = "UIInterfaceOrientationPortrait UIInterfaceOrientationPortraitUpsideDown UIInterfaceOrientationLandscapeLeft UIInterfaceOrientationLandscapeRight";
				INFOPLIST_KEY_UISupportedInterfaceOrientations_iPhone = "UIInterfaceOrientationPortrait UIInterfaceOrientationLandscapeLeft UIInterfaceOrientationLandscapeRight";
				LD_RUNPATH_SEARCH_PATHS = (
					"$(inherited)",
					"@executable_path/Frameworks",
				);
				MARKETING_VERSION = 1.0;
				PRODUCT_BUNDLE_IDENTIFIER = com.daniel.MatchGame;
				PRODUCT_NAME = "$(TARGET_NAME)";
				SWIFT_EMIT_LOC_STRINGS = YES;
				SWIFT_VERSION = 5.0;
				TARGETED_DEVICE_FAMILY = "1,2";
			};
			name = Debug;
		};
		65CE540D28DB7260004A893F /* Release */ = {
			isa = XCBuildConfiguration;
			buildSettings = {
				ASSETCATALOG_COMPILER_APPICON_NAME = AppIcon;
				ASSETCATALOG_COMPILER_GLOBAL_ACCENT_COLOR_NAME = AccentColor;
				CODE_SIGN_STYLE = Automatic;
				CURRENT_PROJECT_VERSION = 1;
				DEVELOPMENT_TEAM = YWCWPX9H3M;
				GENERATE_INFOPLIST_FILE = YES;
				INFOPLIST_FILE = MatchGame/Info.plist;
				INFOPLIST_KEY_UIApplicationSupportsIndirectInputEvents = YES;
				INFOPLIST_KEY_UILaunchStoryboardName = LaunchScreen;
				INFOPLIST_KEY_UIMainStoryboardFile = Main;
				INFOPLIST_KEY_UISupportedInterfaceOrientations_iPad = "UIInterfaceOrientationPortrait UIInterfaceOrientationPortraitUpsideDown UIInterfaceOrientationLandscapeLeft UIInterfaceOrientationLandscapeRight";
				INFOPLIST_KEY_UISupportedInterfaceOrientations_iPhone = "UIInterfaceOrientationPortrait UIInterfaceOrientationLandscapeLeft UIInterfaceOrientationLandscapeRight";
				LD_RUNPATH_SEARCH_PATHS = (
					"$(inherited)",
					"@executable_path/Frameworks",
				);
				MARKETING_VERSION = 1.0;
				PRODUCT_BUNDLE_IDENTIFIER = com.daniel.MatchGame;
				PRODUCT_NAME = "$(TARGET_NAME)";
				SWIFT_EMIT_LOC_STRINGS = YES;
				SWIFT_VERSION = 5.0;
				TARGETED_DEVICE_FAMILY = "1,2";
			};
			name = Release;
		};
		65CE540F28DB7260004A893F /* Debug */ = {
			isa = XCBuildConfiguration;
			buildSettings = {
				ALWAYS_EMBED_SWIFT_STANDARD_LIBRARIES = YES;
				BUNDLE_LOADER = "$(TEST_HOST)";
				CODE_SIGN_STYLE = Automatic;
				CURRENT_PROJECT_VERSION = 1;
				DEVELOPMENT_TEAM = YWCWPX9H3M;
				GENERATE_INFOPLIST_FILE = YES;
				IPHONEOS_DEPLOYMENT_TARGET = 16.0;
				MARKETING_VERSION = 1.0;
				PRODUCT_BUNDLE_IDENTIFIER = com.daniel.MatchGameTests;
				PRODUCT_NAME = "$(TARGET_NAME)";
				SWIFT_EMIT_LOC_STRINGS = NO;
				SWIFT_VERSION = 5.0;
				TARGETED_DEVICE_FAMILY = "1,2";
				TEST_HOST = "$(BUILT_PRODUCTS_DIR)/MatchGame.app/$(BUNDLE_EXECUTABLE_FOLDER_PATH)/MatchGame";
			};
			name = Debug;
		};
		65CE541028DB7260004A893F /* Release */ = {
			isa = XCBuildConfiguration;
			buildSettings = {
				ALWAYS_EMBED_SWIFT_STANDARD_LIBRARIES = YES;
				BUNDLE_LOADER = "$(TEST_HOST)";
				CODE_SIGN_STYLE = Automatic;
				CURRENT_PROJECT_VERSION = 1;
				DEVELOPMENT_TEAM = YWCWPX9H3M;
				GENERATE_INFOPLIST_FILE = YES;
				IPHONEOS_DEPLOYMENT_TARGET = 16.0;
				MARKETING_VERSION = 1.0;
				PRODUCT_BUNDLE_IDENTIFIER = com.daniel.MatchGameTests;
				PRODUCT_NAME = "$(TARGET_NAME)";
				SWIFT_EMIT_LOC_STRINGS = NO;
				SWIFT_VERSION = 5.0;
				TARGETED_DEVICE_FAMILY = "1,2";
				TEST_HOST = "$(BUILT_PRODUCTS_DIR)/MatchGame.app/$(BUNDLE_EXECUTABLE_FOLDER_PATH)/MatchGame";
			};
			name = Release;
		};
		65CE541228DB7260004A893F /* Debug */ = {
			isa = XCBuildConfiguration;
			buildSettings = {
				ALWAYS_EMBED_SWIFT_STANDARD_LIBRARIES = YES;
				CODE_SIGN_STYLE = Automatic;
				CURRENT_PROJECT_VERSION = 1;
				DEVELOPMENT_TEAM = YWCWPX9H3M;
				GENERATE_INFOPLIST_FILE = YES;
				MARKETING_VERSION = 1.0;
				PRODUCT_BUNDLE_IDENTIFIER = com.daniel.MatchGameUITests;
				PRODUCT_NAME = "$(TARGET_NAME)";
				SWIFT_EMIT_LOC_STRINGS = NO;
				SWIFT_VERSION = 5.0;
				TARGETED_DEVICE_FAMILY = "1,2";
				TEST_TARGET_NAME = MatchGame;
			};
			name = Debug;
		};
		65CE541328DB7260004A893F /* Release */ = {
			isa = XCBuildConfiguration;
			buildSettings = {
				ALWAYS_EMBED_SWIFT_STANDARD_LIBRARIES = YES;
				CODE_SIGN_STYLE = Automatic;
				CURRENT_PROJECT_VERSION = 1;
				DEVELOPMENT_TEAM = YWCWPX9H3M;
				GENERATE_INFOPLIST_FILE = YES;
				MARKETING_VERSION = 1.0;
				PRODUCT_BUNDLE_IDENTIFIER = com.daniel.MatchGameUITests;
				PRODUCT_NAME = "$(TARGET_NAME)";
				SWIFT_EMIT_LOC_STRINGS = NO;
				SWIFT_VERSION = 5.0;
				TARGETED_DEVICE_FAMILY = "1,2";
				TEST_TARGET_NAME = MatchGame;
			};
			name = Release;
		};
/* End XCBuildConfiguration section */

/* Begin XCConfigurationList section */
		65CE53DC28DB725F004A893F /* Build configuration list for PBXProject "MatchGame" */ = {
			isa = XCConfigurationList;
			buildConfigurations = (
				65CE540928DB7260004A893F /* Debug */,
				65CE540A28DB7260004A893F /* Release */,
			);
			defaultConfigurationIsVisible = 0;
			defaultConfigurationName = Release;
		};
		65CE540B28DB7260004A893F /* Build configuration list for PBXNativeTarget "MatchGame" */ = {
			isa = XCConfigurationList;
			buildConfigurations = (
				65CE540C28DB7260004A893F /* Debug */,
				65CE540D28DB7260004A893F /* Release */,
			);
			defaultConfigurationIsVisible = 0;
			defaultConfigurationName = Release;
		};
		65CE540E28DB7260004A893F /* Build configuration list for PBXNativeTarget "MatchGameTests" */ = {
			isa = XCConfigurationList;
			buildConfigurations = (
				65CE540F28DB7260004A893F /* Debug */,
				65CE541028DB7260004A893F /* Release */,
			);
			defaultConfigurationIsVisible = 0;
			defaultConfigurationName = Release;
		};
		65CE541128DB7260004A893F /* Build configuration list for PBXNativeTarget "MatchGameUITests" */ = {
			isa = XCConfigurationList;
			buildConfigurations = (
				65CE541228DB7260004A893F /* Debug */,
				65CE541328DB7260004A893F /* Release */,
			);
			defaultConfigurationIsVisible = 0;
			defaultConfigurationName = Release;
		};
/* End XCConfigurationList section */
	};
	rootObject = 65CE53D928DB725F004A893F /* Project object */;
}
